
Microsoft Visual Studio Solution File, Format Version 12.00
# Visual Studio 15
VisualStudioVersion = 15.0.28010.2003
MinimumVisualStudioVersion = 10.0.40219.1
Project("{9A19103F-16F7-4668-BE54-9A1E7A4F7556}") = "Sudoku.CLI", "Sudoku.CLI\Sudoku.CLI.csproj", "{407094E7-B2A6-466E-A30F-CE782EF4334D}"
EndProject
Project("{FAE04EC0-301F-11D3-BF4B-00C04F79EFBC}") = "Sudoku.Common", "Sudoku.Common\Sudoku.Common.csproj", "{AAEAF678-A35E-49A3-8E47-F4DD0285A3D9}"
EndProject
Project("{FAE04EC0-301F-11D3-BF4B-00C04F79EFBC}") = "Sudok.Tests", "Sudok.Tests\Sudok.Tests.csproj", "{38EF84D1-073B-4390-85D3-57BE2649F6D2}"
EndProject
Global
	GlobalSection(SolutionConfigurationPlatforms) = preSolution
		Debug|Any CPU = Debug|Any CPU
		Release|Any CPU = Release|Any CPU
	EndGlobalSection
	GlobalSection(ProjectConfigurationPlatforms) = postSolution
		{407094E7-B2A6-466E-A30F-CE782EF4334D}.Debug|Any CPU.ActiveCfg = Debug|Any CPU
		{407094E7-B2A6-466E-A30F-CE782EF4334D}.Debug|Any CPU.Build.0 = Debug|Any CPU
		{407094E7-B2A6-466E-A30F-CE782EF4334D}.Release|Any CPU.ActiveCfg = Release|Any CPU
		{407094E7-B2A6-466E-A30F-CE782EF4334D}.Release|Any CPU.Build.0 = Release|Any CPU
		{AAEAF678-A35E-49A3-8E47-F4DD0285A3D9}.Debug|Any CPU.ActiveCfg = Debug|Any CPU
		{AAEAF678-A35E-49A3-8E47-F4DD0285A3D9}.Debug|Any CPU.Build.0 = Debug|Any CPU
		{AAEAF678-A35E-49A3-8E47-F4DD0285A3D9}.Release|Any CPU.ActiveCfg = Release|Any CPU
		{AAEAF678-A35E-49A3-8E47-F4DD0285A3D9}.Release|Any CPU.Build.0 = Release|Any CPU
		{38EF84D1-073B-4390-85D3-57BE2649F6D2}.Debug|Any CPU.ActiveCfg = Debug|Any CPU
		{38EF84D1-073B-4390-85D3-57BE2649F6D2}.Debug|Any CPU.Build.0 = Debug|Any CPU
		{38EF84D1-073B-4390-85D3-57BE2649F6D2}.Release|Any CPU.ActiveCfg = Release|Any CPU
		{38EF84D1-073B-4390-85D3-57BE2649F6D2}.Release|Any CPU.Build.0 = Release|Any CPU
	EndGlobalSection
	GlobalSection(SolutionProperties) = preSolution
		HideSolutionNode = FALSE
	EndGlobalSection
	GlobalSection(ExtensibilityGlobals) = postSolution
		SolutionGuid = {41453C12-E1DA-4A4F-975D-A32265FB1564}
	EndGlobalSection
EndGlobal
